
Microsoft Visual Studio Solution File, Format Version 12.00
# Visual Studio Version 17
VisualStudioVersion = 17.0.31903.59
MinimumVisualStudioVersion = 10.0.40219.1
EndProject
Project("{FAE04EC0-301F-11D3-BF4B-00C04F79EFBC}") = "UserService", "UserService\UserService.csproj", "{05AC161C-637C-4BFA-83C9-FF19C23F9657}"
EndProject
Global
	GlobalSection(SolutionConfigurationPlatforms) = preSolution
		Debug|Any CPU = Debug|Any CPU
		Debug|x64 = Debug|x64
		Debug|x86 = Debug|x86
		Release|Any CPU = Release|Any CPU
		Release|x64 = Release|x64
		Release|x86 = Release|x86
	EndGlobalSection
	GlobalSection(ProjectConfigurationPlatforms) = postSolution
		{7E17B158-249D-411A-A427-FED6A83DC38B}.Debug|Any CPU.ActiveCfg = Debug|Any CPU
		{7E17B158-249D-411A-A427-FED6A83DC38B}.Debug|Any CPU.Build.0 = Debug|Any CPU
		{7E17B158-249D-411A-A427-FED6A83DC38B}.Debug|x64.ActiveCfg = Debug|Any CPU
		{7E17B158-249D-411A-A427-FED6A83DC38B}.Debug|x64.Build.0 = Debug|Any CPU
		{7E17B158-249D-411A-A427-FED6A83DC38B}.Debug|x86.ActiveCfg = Debug|Any CPU
		{7E17B158-249D-411A-A427-FED6A83DC38B}.Debug|x86.Build.0 = Debug|Any CPU
		{7E17B158-249D-411A-A427-FED6A83DC38B}.Release|Any CPU.ActiveCfg = Release|Any CPU
		{7E17B158-249D-411A-A427-FED6A83DC38B}.Release|Any CPU.Build.0 = Release|Any CPU
		{7E17B158-249D-411A-A427-FED6A83DC38B}.Release|x64.ActiveCfg = Release|Any CPU
		{7E17B158-249D-411A-A427-FED6A83DC38B}.Release|x64.Build.0 = Release|Any CPU
		{7E17B158-249D-411A-A427-FED6A83DC38B}.Release|x86.ActiveCfg = Release|Any CPU
		{7E17B158-249D-411A-A427-FED6A83DC38B}.Release|x86.Build.0 = Release|Any CPU
		{05AC161C-637C-4BFA-83C9-FF19C23F9657}.Debug|Any CPU.ActiveCfg = Debug|Any CPU
		{05AC161C-637C-4BFA-83C9-FF19C23F9657}.Debug|Any CPU.Build.0 = Debug|Any CPU
		{05AC161C-637C-4BFA-83C9-FF19C23F9657}.Debug|x64.ActiveCfg = Debug|Any CPU
		{05AC161C-637C-4BFA-83C9-FF19C23F9657}.Debug|x64.Build.0 = Debug|Any CPU
		{05AC161C-637C-4BFA-83C9-FF19C23F9657}.Debug|x86.ActiveCfg = Debug|Any CPU
		{05AC161C-637C-4BFA-83C9-FF19C23F9657}.Debug|x86.Build.0 = Debug|Any CPU
		{05AC161C-637C-4BFA-83C9-FF19C23F9657}.Release|Any CPU.ActiveCfg = Release|Any CPU
		{05AC161C-637C-4BFA-83C9-FF19C23F9657}.Release|Any CPU.Build.0 = Release|Any CPU
		{05AC161C-637C-4BFA-83C9-FF19C23F9657}.Release|x64.ActiveCfg = Release|Any CPU
		{05AC161C-637C-4BFA-83C9-FF19C23F9657}.Release|x64.Build.0 = Release|Any CPU
		{05AC161C-637C-4BFA-83C9-FF19C23F9657}.Release|x86.ActiveCfg = Release|Any CPU
		{05AC161C-637C-4BFA-83C9-FF19C23F9657}.Release|x86.Build.0 = Release|Any CPU
	EndGlobalSection
	GlobalSection(SolutionProperties) = preSolution
		HideSolutionNode = FALSE
	EndGlobalSection
EndGlobal
